#MicroXplorer Configuration settings - do not modify
ADC1.Channel-2\#ChannelRegularConversion=ADC_CHANNEL_2
ADC1.IPParameters=Rank-2\#ChannelRegularConversion,Channel-2\#ChannelRegularConversion,SamplingTime-2\#ChannelRegularConversion,OffsetNumber-2\#ChannelRegularConversion,Offset-2\#ChannelRegularConversion,NbrOfConversionFlag,master
ADC1.NbrOfConversionFlag=1
ADC1.Offset-2\#ChannelRegularConversion=0
ADC1.OffsetNumber-2\#ChannelRegularConversion=ADC_OFFSET_NONE
ADC1.Rank-2\#ChannelRegularConversion=1
ADC1.SamplingTime-2\#ChannelRegularConversion=ADC_SAMPLETIME_1CYCLE_5
ADC1.master=1
CAD.formats=
CAD.pinconfig=
CAD.provider=
File.Version=6
GPIO.groupedBy=Group By Peripherals
I2C1.IPParameters=Timing
I2C1.Timing=0x00201D2B
KeepUserPlacement=false
Mcu.CPN=STM32F303RET6
Mcu.Family=STM32F3
Mcu.IP0=ADC1
Mcu.IP1=I2C1
Mcu.IP2=NVIC
Mcu.IP3=RCC
Mcu.IP4=SPI2
Mcu.IP5=SYS
Mcu.IP6=TIM2
Mcu.IP7=TIM6
Mcu.IPNb=8
Mcu.Name=STM32F303R(D-E)Tx
Mcu.Package=LQFP64
Mcu.Pin0=PC13
Mcu.Pin1=PA0
Mcu.Pin10=PB14
Mcu.Pin11=PB15
Mcu.Pin12=PC7
Mcu.Pin13=PA8
Mcu.Pin14=PA9
Mcu.Pin15=PA10
Mcu.Pin16=PA11
Mcu.Pin17=PA12
Mcu.Pin18=PA15
Mcu.Pin19=PB7
Mcu.Pin2=PA1
Mcu.Pin20=VP_TIM2_VS_ControllerModePWMFunctional
Mcu.Pin21=VP_TIM6_VS_ClockSourceINT
Mcu.Pin3=PA4
Mcu.Pin4=PA5
Mcu.Pin5=PA6
Mcu.Pin6=PB11
Mcu.Pin7=PB12
Mcu.Pin8=PB2
Mcu.Pin9=PB13
Mcu.PinsNb=22
Mcu.ThirdPartyNb=0
Mcu.UserConstants=
Mcu.UserName=STM32F303RETx
MxCube.Version=6.12.0
MxDb.Version=DB.6.0.120
NVIC.BusFault_IRQn=true\:0\:0\:false\:false\:true\:false\:false\:false
NVIC.DebugMonitor_IRQn=true\:0\:0\:false\:false\:true\:false\:false\:false
NVIC.ForceEnableDMAInit=true
NVIC.HardFault_IRQn=true\:0\:0\:false\:false\:true\:false\:false\:false
NVIC.MemoryManagement_IRQn=true\:0\:0\:false\:false\:true\:false\:false\:false
NVIC.NonMaskableInt_IRQn=true\:0\:0\:false\:false\:true\:false\:false\:false
NVIC.PendSV_IRQn=true\:0\:0\:false\:false\:true\:false\:false\:false
NVIC.PriorityFilter=0
NVIC.SVCall_IRQn=true\:0\:0\:false\:false\:true\:false\:false\:false
NVIC.SavedPendsvPriority=0
NVIC.SavedServerCallPriority=0
NVIC.SavedSysticPriority=0
NVIC.SysTick_IRQn=true\:0\:0\:false\:false\:true\:false\:false\:false
NVIC.TIM6_DAC1_IRQn=true\:0\:0\:false\:false\:true\:true\:true\:true
NVIC.UsageFault_IRQn=true\:0\:0\:false\:false\:true\:false\:false\:false
PA0.GPIOParameters=GPIO_PuPd
PA0.GPIO_PuPd=GPIO_PULLDOWN
PA0.Signal=S_TIM2_CH1
PA1.Signal=ADC1_IN2
PA10.GPIOParameters=GPIO_Label
PA10.GPIO_Label=Buzzer
PA10.Signal=GPIO_Output
PA11.GPIOParameters=GPIO_Label
PA11.GPIO_Label=RoteLED
PA11.Signal=GPIO_Output
PA12.GPIOParameters=GPIO_Label
PA12.GPIO_Label=GrueneLED
PA12.Signal=GPIO_Output
PA15.GPIOParameters=GPIO_PuPd
PA15.GPIO_PuPd=GPIO_PULLUP
PA15.Signal=I2C1_SCL
PA4.GPIOParameters=GPIO_Label
PA4.GPIO_Label=LDROT
PA4.Locked=true
PA4.Signal=GPIO_Output
PA5.GPIOParameters=GPIO_Label
PA5.GPIO_Label=LDBL
PA5.Locked=true
PA5.Signal=GPIO_Output
PA6.GPIOParameters=GPIO_Label
PA6.GPIO_Label=LDGR
PA6.Locked=true
PA6.Signal=GPIO_Output
PA8.GPIOParameters=GPIO_Label
PA8.GPIO_Label=DIN
PA8.Signal=GPIO_Output
PA9.GPIOParameters=GPIO_Label
PA9.GPIO_Label=CLK
PA9.Signal=GPIO_Output
PB11.GPIOParameters=GPIO_Label
PB11.GPIO_Label=RESET
PB11.Signal=GPIO_Output
PB12.GPIOParameters=GPIO_Label
PB12.GPIO_Label=CS
PB12.Signal=GPIO_Output
PB13.Signal=SPI2_SCK
PB14.Signal=SPI2_MISO
PB15.Signal=SPI2_MOSI
PB2.GPIOParameters=GPIO_PuPd
PB2.GPIO_PuPd=GPIO_PULLUP
PB2.Signal=GPIO_Input
PB7.GPIOParameters=GPIO_PuPd
PB7.GPIO_PuPd=GPIO_PULLUP
PB7.Signal=I2C1_SDA
PC13.GPIOParameters=GPIO_Label
PC13.GPIO_Label=B1
PC13.Locked=true
PC13.Signal=GPIO_Input
PC7.GPIOParameters=GPIO_Label
PC7.GPIO_Label=CS
PC7.Signal=GPIO_Output
PinOutPanel.RotationAngle=0
ProjectManager.AskForMigrate=true
ProjectManager.BackupPrevious=false
ProjectManager.Compiler=
ProjectManager.ComputerToolchainExe=
ProjectManager.CoupleFileSymbolNames=true
ProjectManager.CustomerFirmwarePackage=
ProjectManager.DefaultFirmwarePackage=true
ProjectManager.DeletePrevious=true
ProjectManager.DeviceId=STM32F303RETx
ProjectManager.FirmwarePackage=STM32Cube FW_F3 V1.11.5
ProjectManager.FreePins=false
ProjectManager.HalAssertFull=false
ProjectManager.HeapSize=0x200
ProjectManager.KeepUserCode=true
ProjectManager.LastFirmware=true
ProjectManager.LibraryCopy=1
ProjectManager.MainLocation=Core/Src
ProjectManager.NoMain=false
ProjectManager.PreviousToolchain=
ProjectManager.ProjectBuild=false
ProjectManager.ProjectFileName=RC522Projekt.ioc
ProjectManager.ProjectName=RC522Projekt
ProjectManager.ProjectStructure=
ProjectManager.RegisterCallBack=
ProjectManager.StackSize=0x400
ProjectManager.TargetToolchain=STM32CubeIDE
ProjectManager.ToolChainLocation=
ProjectManager.UnderRoot=true
ProjectManager.functionlistsort=1-SystemClock_Config-RCC-false-HAL-false,2-MX_GPIO_Init-GPIO-false-HAL-false,3-MX_SPI2_Init-SPI2-false-HAL-false,4-MX_I2C1_Init-I2C1-false-HAL-false,5-MX_TIM2_Init-TIM2-false-HAL-false,6-MX_TIM6_Init-TIM6-false-HAL-false,7-MX_ADC1_Init-ADC1-false-HAL-false
RCC.ADC12outputFreq_Value=72000000
RCC.AHBFreq_Value=72000000
RCC.APB1CLKDivider=RCC_HCLK_DIV2
RCC.APB1Freq_Value=36000000
RCC.APB1TimFreq_Value=72000000
RCC.APB2CLKDivider=RCC_HCLK_DIV2
RCC.APB2Freq_Value=36000000
RCC.APB2TimFreq_Value=72000000
RCC.CortexFreq_Value=72000000
RCC.FCLKCortexFreq_Value=72000000
RCC.FamilyName=M
RCC.HCLKFreq_Value=72000000
RCC.HSE_VALUE=8000000
RCC.HSI_VALUE=8000000
RCC.I2C1Freq_Value=8000000
RCC.I2S2Freq_Value=72000000
RCC.I2S3Freq_Value=72000000
RCC.IPParameters=ADC12outputFreq_Value,AHBFreq_Value,APB1CLKDivider,APB1Freq_Value,APB1TimFreq_Value,APB2CLKDivider,APB2Freq_Value,APB2TimFreq_Value,CortexFreq_Value,FCLKCortexFreq_Value,FamilyName,HCLKFreq_Value,HSE_VALUE,HSI_VALUE,I2C1Freq_Value,I2S2Freq_Value,I2S3Freq_Value,MCOFreq_Value,PLLCLKFreq_Value,PLLMCOFreq_Value,PLLMUL,SYSCLKFreq_VALUE,SYSCLKSource,TIM15Freq_Value,TIM16Freq_Value,TIM17Freq_Value,TIM1Freq_Value,TIM20Freq_Value,TIM2Freq_Value,TIM3Freq_Value,TIM4Freq_Value,TIM8Freq_Value,UART4Freq_Value,UART5Freq_Value,USART1Freq_Value,USART2Freq_Value,USART3Freq_Value,USBFreq_Value,VCOInputFreq_Value
RCC.MCOFreq_Value=72000000
RCC.PLLCLKFreq_Value=72000000
RCC.PLLMCOFreq_Value=72000000
RCC.PLLMUL=RCC_PLL_MUL9
RCC.SYSCLKFreq_VALUE=72000000
RCC.SYSCLKSource=RCC_SYSCLKSOURCE_PLLCLK
RCC.TIM15Freq_Value=72000000
RCC.TIM16Freq_Value=72000000
RCC.TIM17Freq_Value=72000000
RCC.TIM1Freq_Value=72000000
RCC.TIM20Freq_Value=72000000
RCC.TIM2Freq_Value=72000000
RCC.TIM3Freq_Value=72000000
RCC.TIM4Freq_Value=72000000
RCC.TIM8Freq_Value=72000000
RCC.UART4Freq_Value=36000000
RCC.UART5Freq_Value=36000000
RCC.USART1Freq_Value=36000000
RCC.USART2Freq_Value=36000000
RCC.USART3Freq_Value=36000000
RCC.USBFreq_Value=48000000
RCC.VCOInputFreq_Value=8000000
SPI2.BaudRatePrescaler=SPI_BAUDRATEPRESCALER_32
SPI2.CLKPhase=SPI_PHASE_1EDGE
SPI2.CLKPolarity=SPI_POLARITY_LOW
SPI2.CalculateBaudRate=1.125 MBits/s
SPI2.DataSize=SPI_DATASIZE_8BIT
SPI2.Direction=SPI_DIRECTION_2LINES
SPI2.IPParameters=Mode,Direction,DataSize,CLKPolarity,CLKPhase,NSS,BaudRatePrescaler,CalculateBaudRate
SPI2.Mode=SPI_MODE_MASTER
SPI2.NSS=SPI_NSS_SOFT
TIM2.Channel-PWM\ Generation1\ CH1=TIM_CHANNEL_1
TIM2.IPParameters=Period,Prescaler,Channel-PWM Generation1 CH1
TIM2.Period=1000-1
TIM2.Prescaler=1440-1
TIM6.IPParameters=Prescaler,Period
TIM6.Period=36000-1
TIM6.Prescaler=2-1
VP_TIM2_VS_ControllerModePWMFunctional.Mode=PWM Generation1 CH1
VP_TIM2_VS_ControllerModePWMFunctional.Signal=TIM2_VS_ControllerModePWMFunctional
VP_TIM6_VS_ClockSourceINT.Mode=Enable_Timer
VP_TIM6_VS_ClockSourceINT.Signal=TIM6_VS_ClockSourceINT
board=custom
